github.com/joho/godotenv v1.5.1 h1:7eLL/+HRGLY0ldzfGMeQkb7vMd0as4CfYvUVzLqw0N0=
github.com/joho/godotenv v1.5.1/go.mod h1:f4LDr5Voq0i2e/R5DDNOoa2zzDfwtkZa6DnEwAbqwq4=
github.com/justinas/alice v1.2.0 h1:+MHSA/vccVCF4Uq37S42jwlkvI2Xzl7zTPCN5BnZNVo=
github.com/justinas/alice v1.2.0/go.mod h1:fN5HRH/reO/zrUflLfTN43t3vXvKzvZIENsNEe7i7qA=
github.com/kweeuhree/toolkit v1.1.0 h1:44BQn3d9ZWCqPkeCC8U6LtaeWpD5YgIWgILIPuN4apg=
github.com/kweeuhree/toolkit v1.1.0/go.mod h1:AMij6oiYfdOqX9HHeaNgmyIA6lKQ0LTVtLyez/ZxYjQ=
